
Microsoft Visual Studio Solution File, Format Version 12.00
# Visual Studio Version 17
VisualStudioVersion = 17.0.31903.59
MinimumVisualStudioVersion = 10.0.40219.1
Project("{FAE04EC0-301F-11D3-BF4B-00C04F79EFBC}") = "Kanbanium.Tests", "Kanbanium.Tests\Kanbanium.Tests.csproj", "{DF438BAB-7F7B-40F1-A119-85EE87BDFC85}"
EndProject
Project("{FAE04EC0-301F-11D3-BF4B-00C04F79EFBC}") = "Kanbanium", "Kanbanium.Api\Kanbanium.csproj", "{44284D76-D859-BE3A-F3C4-9BEDD2AF2127}"
EndProject
Global
	GlobalSection(SolutionConfigurationPlatforms) = preSolution
		Debug|Any CPU = Debug|Any CPU
		Release|Any CPU = Release|Any CPU
	EndGlobalSection
	GlobalSection(ProjectConfigurationPlatforms) = postSolution
		{DF438BAB-7F7B-40F1-A119-85EE87BDFC85}.Debug|Any CPU.ActiveCfg = Debug|Any CPU
		{DF438BAB-7F7B-40F1-A119-85EE87BDFC85}.Debug|Any CPU.Build.0 = Debug|Any CPU
		{DF438BAB-7F7B-40F1-A119-85EE87BDFC85}.Release|Any CPU.ActiveCfg = Release|Any CPU
		{DF438BAB-7F7B-40F1-A119-85EE87BDFC85}.Release|Any CPU.Build.0 = Release|Any CPU
		{44284D76-D859-BE3A-F3C4-9BEDD2AF2127}.Debug|Any CPU.ActiveCfg = Debug|Any CPU
		{44284D76-D859-BE3A-F3C4-9BEDD2AF2127}.Debug|Any CPU.Build.0 = Debug|Any CPU
		{44284D76-D859-BE3A-F3C4-9BEDD2AF2127}.Release|Any CPU.ActiveCfg = Release|Any CPU
		{44284D76-D859-BE3A-F3C4-9BEDD2AF2127}.Release|Any CPU.Build.0 = Release|Any CPU
	EndGlobalSection
	GlobalSection(SolutionProperties) = preSolution
		HideSolutionNode = FALSE
	EndGlobalSection
	GlobalSection(ExtensibilityGlobals) = postSolution
		SolutionGuid = {9F4FA0B7-71E4-4EE7-AE14-CF1ACFE21A8D}
	EndGlobalSection
EndGlobal
